
Microsoft Visual Studio Solution File, Format Version 12.00
# Visual Studio Version 17
VisualStudioVersion = 17.11.35222.181
MinimumVisualStudioVersion = 10.0.40219.1
Project("{FAE04EC0-301F-11D3-BF4B-00C04F79EFBC}") = "BackEnd", "BackEnd\BackEnd.csproj", "{6EEC45F9-82EA-44EC-B00B-F4CA45A867BC}"
EndProject
Global
	GlobalSection(SolutionConfigurationPlatforms) = preSolution
		Debug|Any CPU = Debug|Any CPU
		Release|Any CPU = Release|Any CPU
	EndGlobalSection
	GlobalSection(ProjectConfigurationPlatforms) = postSolution
		{6EEC45F9-82EA-44EC-B00B-F4CA45A867BC}.Debug|Any CPU.ActiveCfg = Debug|Any CPU
		{6EEC45F9-82EA-44EC-B00B-F4CA45A867BC}.Debug|Any CPU.Build.0 = Debug|Any CPU
		{6EEC45F9-82EA-44EC-B00B-F4CA45A867BC}.Release|Any CPU.ActiveCfg = Release|Any CPU
		{6EEC45F9-82EA-44EC-B00B-F4CA45A867BC}.Release|Any CPU.Build.0 = Release|Any CPU
	EndGlobalSection
	GlobalSection(SolutionProperties) = preSolution
		HideSolutionNode = FALSE
	EndGlobalSection
	GlobalSection(ExtensibilityGlobals) = postSolution
		SolutionGuid = {59630A3C-E0BB-4D95-8590-6838A634BDE6}
	EndGlobalSection
EndGlobal
